Microsoft Visual Studio Solution File, Format Version 12.00
# Visual Studio Version 17
VisualStudioVersion = 17.5.2.0
MinimumVisualStudioVersion = 10.0.40219.1
Project("{FAE04EC0-301F-11D3-BF4B-00C04F79EFBC}") = "SistemaPropostas.API", "SistemaPropostas.API.csproj", "{FB7EAE14-3298-58D0-E729-9414F92DA4AF}"
EndProject
Global
	GlobalSection(SolutionConfigurationPlatforms) = preSolution
		Debug|Any CPU = Debug|Any CPU
		Release|Any CPU = Release|Any CPU
	EndGlobalSection
	GlobalSection(ProjectConfigurationPlatforms) = postSolution
		{FB7EAE14-3298-58D0-E729-9414F92DA4AF}.Debug|Any CPU.ActiveCfg = Debug|Any CPU
		{FB7EAE14-3298-58D0-E729-9414F92DA4AF}.Debug|Any CPU.Build.0 = Debug|Any CPU
		{FB7EAE14-3298-58D0-E729-9414F92DA4AF}.Release|Any CPU.ActiveCfg = Release|Any CPU
		{FB7EAE14-3298-58D0-E729-9414F92DA4AF}.Release|Any CPU.Build.0 = Release|Any CPU
	EndGlobalSection
	GlobalSection(SolutionProperties) = preSolution
		HideSolutionNode = FALSE
	EndGlobalSection
	GlobalSection(ExtensibilityGlobals) = postSolution
		SolutionGuid = {4DC6F177-FA10-42F2-B39A-B79CF10E6C11}
	EndGlobalSection
EndGlobal
